
Microsoft Visual Studio Solution File, Format Version 12.00
# Visual Studio Version 17
VisualStudioVersion = 17.9.34902.65
MinimumVisualStudioVersion = 10.0.40219.1
Project("{FAE04EC0-301F-11D3-BF4B-00C04F79EFBC}") = "PortfolioTracker", "PortfolioTracker.csproj", "{F4CFE340-B853-4D01-A93E-D3306AC39E89}"
EndProject
Global
	GlobalSection(SolutionConfigurationPlatforms) = preSolution
		Debug|Any CPU = Debug|Any CPU
		Release|Any CPU = Release|Any CPU
	EndGlobalSection
	GlobalSection(ProjectConfigurationPlatforms) = postSolution
		{F4CFE340-B853-4D01-A93E-D3306AC39E89}.Debug|Any CPU.ActiveCfg = Debug|Any CPU
		{F4CFE340-B853-4D01-A93E-D3306AC39E89}.Debug|Any CPU.Build.0 = Debug|Any CPU
		{F4CFE340-B853-4D01-A93E-D3306AC39E89}.Release|Any CPU.ActiveCfg = Release|Any CPU
		{F4CFE340-B853-4D01-A93E-D3306AC39E89}.Release|Any CPU.Build.0 = Release|Any CPU
	EndGlobalSection
	GlobalSection(SolutionProperties) = preSolution
		HideSolutionNode = FALSE
	EndGlobalSection
	GlobalSection(ExtensibilityGlobals) = postSolution
		SolutionGuid = {B0109C65-A9DE-458E-B794-FA0D9E28948C}
	EndGlobalSection
EndGlobal
